
Microsoft Visual Studio Solution File, Format Version 12.00
# Visual Studio Version 16
VisualStudioVersion = 16.0.30621.155
MinimumVisualStudioVersion = 10.0.40219.1
Project("{FAE04EC0-301F-11D3-BF4B-00C04F79EFBC}") = "FreakyFashion2", "FreakyFashion2.csproj", "{1880BA3B-A770-43CC-9DF9-9B5BE6FFBC98}"
EndProject
Global
	GlobalSection(SolutionConfigurationPlatforms) = preSolution
		Debug|Any CPU = Debug|Any CPU
		Release|Any CPU = Release|Any CPU
	EndGlobalSection
	GlobalSection(ProjectConfigurationPlatforms) = postSolution
		{1880BA3B-A770-43CC-9DF9-9B5BE6FFBC98}.Debug|Any CPU.ActiveCfg = Debug|Any CPU
		{1880BA3B-A770-43CC-9DF9-9B5BE6FFBC98}.Debug|Any CPU.Build.0 = Debug|Any CPU
		{1880BA3B-A770-43CC-9DF9-9B5BE6FFBC98}.Release|Any CPU.ActiveCfg = Release|Any CPU
		{1880BA3B-A770-43CC-9DF9-9B5BE6FFBC98}.Release|Any CPU.Build.0 = Release|Any CPU
	EndGlobalSection
	GlobalSection(SolutionProperties) = preSolution
		HideSolutionNode = FALSE
	EndGlobalSection
	GlobalSection(ExtensibilityGlobals) = postSolution
		SolutionGuid = {A7E1814F-7021-457F-A60A-F85BD24AFA11}
	EndGlobalSection
EndGlobal
